
Microsoft Visual Studio Solution File, Format Version 12.00
# Visual Studio Version 17
VisualStudioVersion = 17.6.33723.286
MinimumVisualStudioVersion = 10.0.40219.1
Project("{FAE04EC0-301F-11D3-BF4B-00C04F79EFBC}") = "01-strategy-simuduck", "..\01-strategy-simuduck\01-strategy-simuduck.csproj", "{CA20D3B7-D46C-4BB3-B126-1F456602633E}"
EndProject
Project("{FAE04EC0-301F-11D3-BF4B-00C04F79EFBC}") = "02-observer-weatherstation", "..\02-observer-weatherstation\02-observer-weatherstation.csproj", "{4DB2B3DF-53E2-45A1-88EE-F073D97D2044}"
EndProject
Global
	GlobalSection(SolutionConfigurationPlatforms) = preSolution
		Debug|Any CPU = Debug|Any CPU
		Release|Any CPU = Release|Any CPU
	EndGlobalSection
	GlobalSection(ProjectConfigurationPlatforms) = postSolution
		{CA20D3B7-D46C-4BB3-B126-1F456602633E}.Debug|Any CPU.ActiveCfg = Debug|Any CPU
		{CA20D3B7-D46C-4BB3-B126-1F456602633E}.Debug|Any CPU.Build.0 = Debug|Any CPU
		{CA20D3B7-D46C-4BB3-B126-1F456602633E}.Release|Any CPU.ActiveCfg = Release|Any CPU
		{CA20D3B7-D46C-4BB3-B126-1F456602633E}.Release|Any CPU.Build.0 = Release|Any CPU
		{4DB2B3DF-53E2-45A1-88EE-F073D97D2044}.Debug|Any CPU.ActiveCfg = Debug|Any CPU
		{4DB2B3DF-53E2-45A1-88EE-F073D97D2044}.Debug|Any CPU.Build.0 = Debug|Any CPU
		{4DB2B3DF-53E2-45A1-88EE-F073D97D2044}.Release|Any CPU.ActiveCfg = Release|Any CPU
		{4DB2B3DF-53E2-45A1-88EE-F073D97D2044}.Release|Any CPU.Build.0 = Release|Any CPU
	EndGlobalSection
	GlobalSection(SolutionProperties) = preSolution
		HideSolutionNode = FALSE
	EndGlobalSection
	GlobalSection(ExtensibilityGlobals) = postSolution
		SolutionGuid = {E6A8B005-8B45-40D8-BA92-E3FAC60B23AC}
	EndGlobalSection
EndGlobal
